
Microsoft Visual Studio Solution File, Format Version 12.00
# Visual Studio Version 17
VisualStudioVersion = 17.5.33627.172
MinimumVisualStudioVersion = 10.0.40219.1
Project("{FAE04EC0-301F-11D3-BF4B-00C04F79EFBC}") = "OOP Home work4 (Dictionary)", "OOP Home work4 (Dictionary)\OOP Home work4 (Dictionary).csproj", "{7FCEE0E5-EFB8-4B32-A966-DC42C347F87C}"
EndProject
Global
	GlobalSection(SolutionConfigurationPlatforms) = preSolution
		Debug|Any CPU = Debug|Any CPU
		Release|Any CPU = Release|Any CPU
	EndGlobalSection
	GlobalSection(ProjectConfigurationPlatforms) = postSolution
		{7FCEE0E5-EFB8-4B32-A966-DC42C347F87C}.Debug|Any CPU.ActiveCfg = Debug|Any CPU
		{7FCEE0E5-EFB8-4B32-A966-DC42C347F87C}.Debug|Any CPU.Build.0 = Debug|Any CPU
		{7FCEE0E5-EFB8-4B32-A966-DC42C347F87C}.Release|Any CPU.ActiveCfg = Release|Any CPU
		{7FCEE0E5-EFB8-4B32-A966-DC42C347F87C}.Release|Any CPU.Build.0 = Release|Any CPU
	EndGlobalSection
	GlobalSection(SolutionProperties) = preSolution
		HideSolutionNode = FALSE
	EndGlobalSection
	GlobalSection(ExtensibilityGlobals) = postSolution
		SolutionGuid = {172C28F7-1B5B-46B5-9B59-745E95BECD7A}
	EndGlobalSection
EndGlobal
